
Microsoft Visual Studio Solution File, Format Version 12.00
# Visual Studio 15
VisualStudioVersion = 15.0.28307.168
MinimumVisualStudioVersion = 10.0.40219.1
Project("{FAE04EC0-301F-11D3-BF4B-00C04F79EFBC}") = "EFGetStarted.AspNetCore.ExistingDb", "EFGetStarted.AspNetCore.ExistingDb\EFGetStarted.AspNetCore.ExistingDb.csproj", "{B70CF836-CEEF-468C-8867-0567A9D5DE35}"
EndProject
Global
	GlobalSection(SolutionConfigurationPlatforms) = preSolution
		Debug|Any CPU = Debug|Any CPU
		Release|Any CPU = Release|Any CPU
	EndGlobalSection
	GlobalSection(ProjectConfigurationPlatforms) = postSolution
		{B70CF836-CEEF-468C-8867-0567A9D5DE35}.Debug|Any CPU.ActiveCfg = Debug|Any CPU
		{B70CF836-CEEF-468C-8867-0567A9D5DE35}.Debug|Any CPU.Build.0 = Debug|Any CPU
		{B70CF836-CEEF-468C-8867-0567A9D5DE35}.Release|Any CPU.ActiveCfg = Release|Any CPU
		{B70CF836-CEEF-468C-8867-0567A9D5DE35}.Release|Any CPU.Build.0 = Release|Any CPU
	EndGlobalSection
	GlobalSection(SolutionProperties) = preSolution
		HideSolutionNode = FALSE
	EndGlobalSection
	GlobalSection(ExtensibilityGlobals) = postSolution
		SolutionGuid = {1206E800-B437-44DD-BB61-F9F41EC472E3}
	EndGlobalSection
EndGlobal
